{
  "nodes": {
    "nixpkgs": {
      "locked": {
        "lastModified": 1760189461,
        "narHash": "sha256-UhGwP5r+t3RVbi6IkjJ8LhxO2LH5Jsnx4mTRe2kMyRY=",
        "owner": "NixOS",
        "repo": "nixpkgs",
        "rev": "fea37ae1cd8f9903a30d38966ed1ced07b141316",
        "type": "github"
      },
      "original": {
        "owner": "NixOS",
        "repo": "nixpkgs",
        "rev": "fea37ae1cd8f9903a30d38966ed1ced07b141316",
        "type": "github"
      }
    },
    "root": {
      "inputs": {
        "nixpkgs": "nixpkgs"
      }
    }
  },
  "root": "root",
  "version": 7
}
